
Microsoft Visual Studio Solution File, Format Version 12.00
# Visual Studio 2013
VisualStudioVersion = 12.0.40629.0
MinimumVisualStudioVersion = 10.0.40219.1
Project("{FAE04EC0-301F-11D3-BF4B-00C04F79EFBC}") = "SchoolManagement", "SchoolManagement\SchoolManagement\SchoolManagement.csproj", "{E136AE33-1DCA-43A9-8415-326E8355854A}"
EndProject
Project("{FAE04EC0-301F-11D3-BF4B-00C04F79EFBC}") = "SchoolManagement.iOS", "SchoolManagement\SchoolManagement.iOS\SchoolManagement.iOS.csproj", "{36107D83-B1A2-492D-A40E-10EF3DAC1983}"
EndProject
Project("{FAE04EC0-301F-11D3-BF4B-00C04F79EFBC}") = "SchoolManagement.Android", "SchoolManagement\SchoolManagement.Android\SchoolManagement.Android.csproj", "{867DDFC1-6BDD-4FFB-9ACB-E41A94EECE14}"
EndProject
Project("{FAE04EC0-301F-11D3-BF4B-00C04F79EFBC}") = "SchoolManagement.Core", "SchoolManagement.Core\SchoolManagement.Core.csproj", "{47D0403D-FCF7-4F01-8BE9-8DFFD4F480C9}"
EndProject
Project("{FAE04EC0-301F-11D3-BF4B-00C04F79EFBC}") = "SchoolManagement.Helper", "SchoolManagement.Helper\SchoolManagement.Helper.csproj", "{915BF157-D09D-408D-BA7E-1C355ADE566E}"
EndProject
Project("{2150E333-8FDC-42A3-9474-1A3956D46DE8}") = ".nuget", ".nuget", "{B91361EA-7CA3-4D5D-B842-07BA6E9AD408}"
	ProjectSection(SolutionItems) = preProject
		.nuget\NuGet.Config = .nuget\NuGet.Config
		.nuget\NuGet.exe = .nuget\NuGet.exe
		.nuget\NuGet.targets = .nuget\NuGet.targets
	EndProjectSection
EndProject
Global
	GlobalSection(SolutionConfigurationPlatforms) = preSolution
		Ad-Hoc|Any CPU = Ad-Hoc|Any CPU
		Ad-Hoc|iPhone = Ad-Hoc|iPhone
		Ad-Hoc|iPhoneSimulator = Ad-Hoc|iPhoneSimulator
		Ad-Hoc|Mixed Platforms = Ad-Hoc|Mixed Platforms
		AppStore|Any CPU = AppStore|Any CPU
		AppStore|iPhone = AppStore|iPhone
		AppStore|iPhoneSimulator = AppStore|iPhoneSimulator
		AppStore|Mixed Platforms = AppStore|Mixed Platforms
		Debug|Any CPU = Debug|Any CPU
		Debug|iPhone = Debug|iPhone
		Debug|iPhoneSimulator = Debug|iPhoneSimulator
		Debug|Mixed Platforms = Debug|Mixed Platforms
		Release|Any CPU = Release|Any CPU
		Release|iPhone = Release|iPhone
		Release|iPhoneSimulator = Release|iPhoneSimulator
		Release|Mixed Platforms = Release|Mixed Platforms
	EndGlobalSection
	GlobalSection(ProjectConfigurationPlatforms) = postSolution
		{E136AE33-1DCA-43A9-8415-326E8355854A}.Ad-Hoc|Any CPU.ActiveCfg = Release|Any CPU
		{E136AE33-1DCA-43A9-8415-326E8355854A}.Ad-Hoc|Any CPU.Build.0 = Release|Any CPU
		{E136AE33-1DCA-43A9-8415-326E8355854A}.Ad-Hoc|iPhone.ActiveCfg = Release|Any CPU
		{E136AE33-1DCA-43A9-8415-326E8355854A}.Ad-Hoc|iPhoneSimulator.ActiveCfg = Release|Any CPU
		{E136AE33-1DCA-43A9-8415-326E8355854A}.Ad-Hoc|Mixed Platforms.ActiveCfg = Release|Any CPU
		{E136AE33-1DCA-43A9-8415-326E8355854A}.Ad-Hoc|Mixed Platforms.Build.0 = Release|Any CPU
		{E136AE33-1DCA-43A9-8415-326E8355854A}.AppStore|Any CPU.ActiveCfg = Release|Any CPU
		{E136AE33-1DCA-43A9-8415-326E8355854A}.AppStore|Any CPU.Build.0 = Release|Any CPU
		{E136AE33-1DCA-43A9-8415-326E8355854A}.AppStore|iPhone.ActiveCfg = Release|Any CPU
		{E136AE33-1DCA-43A9-8415-326E8355854A}.AppStore|iPhoneSimulator.ActiveCfg = Release|Any CPU
		{E136AE33-1DCA-43A9-8415-326E8355854A}.AppStore|Mixed Platforms.ActiveCfg = Release|Any CPU
		{E136AE33-1DCA-43A9-8415-326E8355854A}.AppStore|Mixed Platforms.Build.0 = Release|Any CPU
		{E136AE33-1DCA-43A9-8415-326E8355854A}.Debug|Any CPU.ActiveCfg = Debug|Any CPU
		{E136AE33-1DCA-43A9-8415-326E8355854A}.Debug|Any CPU.Build.0 = Debug|Any CPU
		{E136AE33-1DCA-43A9-8415-326E8355854A}.Debug|iPhone.ActiveCfg = Debug|Any CPU
		{E136AE33-1DCA-43A9-8415-326E8355854A}.Debug|iPhoneSimulator.ActiveCfg = Debug|Any CPU
		{E136AE33-1DCA-43A9-8415-326E8355854A}.Debug|Mixed Platforms.ActiveCfg = Debug|Any CPU
		{E136AE33-1DCA-43A9-8415-326E8355854A}.Debug|Mixed Platforms.Build.0 = Debug|Any CPU
		{E136AE33-1DCA-43A9-8415-326E8355854A}.Release|Any CPU.ActiveCfg = Release|Any CPU
		{E136AE33-1DCA-43A9-8415-326E8355854A}.Release|Any CPU.Build.0 = Release|Any CPU
		{E136AE33-1DCA-43A9-8415-326E8355854A}.Release|iPhone.ActiveCfg = Release|Any CPU
		{E136AE33-1DCA-43A9-8415-326E8355854A}.Release|iPhoneSimulator.ActiveCfg = Release|Any CPU
		{E136AE33-1DCA-43A9-8415-326E8355854A}.Release|Mixed Platforms.ActiveCfg = Release|Any CPU
		{E136AE33-1DCA-43A9-8415-326E8355854A}.Release|Mixed Platforms.Build.0 = Release|Any CPU
		{36107D83-B1A2-492D-A40E-10EF3DAC1983}.Ad-Hoc|Any CPU.ActiveCfg = Ad-Hoc|iPhone
		{36107D83-B1A2-492D-A40E-10EF3DAC1983}.Ad-Hoc|iPhone.ActiveCfg = Ad-Hoc|iPhone
		{36107D83-B1A2-492D-A40E-10EF3DAC1983}.Ad-Hoc|iPhone.Build.0 = Ad-Hoc|iPhone
		{36107D83-B1A2-492D-A40E-10EF3DAC1983}.Ad-Hoc|iPhoneSimulator.ActiveCfg = Ad-Hoc|iPhoneSimulator
		{36107D83-B1A2-492D-A40E-10EF3DAC1983}.Ad-Hoc|iPhoneSimulator.Build.0 = Ad-Hoc|iPhoneSimulator
		{36107D83-B1A2-492D-A40E-10EF3DAC1983}.Ad-Hoc|Mixed Platforms.ActiveCfg = Ad-Hoc|iPhone
		{36107D83-B1A2-492D-A40E-10EF3DAC1983}.Ad-Hoc|Mixed Platforms.Build.0 = Ad-Hoc|iPhone
		{36107D83-B1A2-492D-A40E-10EF3DAC1983}.AppStore|Any CPU.ActiveCfg = AppStore|iPhone
		{36107D83-B1A2-492D-A40E-10EF3DAC1983}.AppStore|iPhone.ActiveCfg = AppStore|iPhone
		{36107D83-B1A2-492D-A40E-10EF3DAC1983}.AppStore|iPhone.Build.0 = AppStore|iPhone
		{36107D83-B1A2-492D-A40E-10EF3DAC1983}.AppStore|iPhoneSimulator.ActiveCfg = AppStore|iPhoneSimulator
		{36107D83-B1A2-492D-A40E-10EF3DAC1983}.AppStore|iPhoneSimulator.Build.0 = AppStore|iPhoneSimulator
		{36107D83-B1A2-492D-A40E-10EF3DAC1983}.AppStore|Mixed Platforms.ActiveCfg = AppStore|iPhone
		{36107D83-B1A2-492D-A40E-10EF3DAC1983}.AppStore|Mixed Platforms.Build.0 = AppStore|iPhone
		{36107D83-B1A2-492D-A40E-10EF3DAC1983}.Debug|Any CPU.ActiveCfg = Debug|iPhone
		{36107D83-B1A2-492D-A40E-10EF3DAC1983}.Debug|iPhone.ActiveCfg = Debug|iPhone
		{36107D83-B1A2-492D-A40E-10EF3DAC1983}.Debug|iPhone.Build.0 = Debug|iPhone
		{36107D83-B1A2-492D-A40E-10EF3DAC1983}.Debug|iPhoneSimulator.ActiveCfg = Debug|iPhoneSimulator
		{36107D83-B1A2-492D-A40E-10EF3DAC1983}.Debug|iPhoneSimulator.Build.0 = Debug|iPhoneSimulator
		{36107D83-B1A2-492D-A40E-10EF3DAC1983}.Debug|Mixed Platforms.ActiveCfg = Debug|iPhone
		{36107D83-B1A2-492D-A40E-10EF3DAC1983}.Debug|Mixed Platforms.Build.0 = Debug|iPhone
		{36107D83-B1A2-492D-A40E-10EF3DAC1983}.Release|Any CPU.ActiveCfg = Release|iPhone
		{36107D83-B1A2-492D-A40E-10EF3DAC1983}.Release|iPhone.ActiveCfg = Release|iPhone
		{36107D83-B1A2-492D-A40E-10EF3DAC1983}.Release|iPhone.Build.0 = Release|iPhone
		{36107D83-B1A2-492D-A40E-10EF3DAC1983}.Release|iPhoneSimulator.ActiveCfg = Release|iPhoneSimulator
		{36107D83-B1A2-492D-A40E-10EF3DAC1983}.Release|iPhoneSimulator.Build.0 = Release|iPhoneSimulator
		{36107D83-B1A2-492D-A40E-10EF3DAC1983}.Release|Mixed Platforms.ActiveCfg = Release|iPhone
		{36107D83-B1A2-492D-A40E-10EF3DAC1983}.Release|Mixed Platforms.Build.0 = Release|iPhone
		{867DDFC1-6BDD-4FFB-9ACB-E41A94EECE14}.Ad-Hoc|Any CPU.ActiveCfg = Release|Any CPU
		{867DDFC1-6BDD-4FFB-9ACB-E41A94EECE14}.Ad-Hoc|Any CPU.Build.0 = Release|Any CPU
		{867DDFC1-6BDD-4FFB-9ACB-E41A94EECE14}.Ad-Hoc|Any CPU.Deploy.0 = Release|Any CPU
		{867DDFC1-6BDD-4FFB-9ACB-E41A94EECE14}.Ad-Hoc|iPhone.ActiveCfg = Release|Any CPU
		{867DDFC1-6BDD-4FFB-9ACB-E41A94EECE14}.Ad-Hoc|iPhoneSimulator.ActiveCfg = Release|Any CPU
		{867DDFC1-6BDD-4FFB-9ACB-E41A94EECE14}.Ad-Hoc|Mixed Platforms.ActiveCfg = Release|Any CPU
		{867DDFC1-6BDD-4FFB-9ACB-E41A94EECE14}.Ad-Hoc|Mixed Platforms.Build.0 = Release|Any CPU
		{867DDFC1-6BDD-4FFB-9ACB-E41A94EECE14}.Ad-Hoc|Mixed Platforms.Deploy.0 = Release|Any CPU
		{867DDFC1-6BDD-4FFB-9ACB-E41A94EECE14}.AppStore|Any CPU.ActiveCfg = Release|Any CPU
		{867DDFC1-6BDD-4FFB-9ACB-E41A94EECE14}.AppStore|Any CPU.Build.0 = Release|Any CPU
		{867DDFC1-6BDD-4FFB-9ACB-E41A94EECE14}.AppStore|Any CPU.Deploy.0 = Release|Any CPU
		{867DDFC1-6BDD-4FFB-9ACB-E41A94EECE14}.AppStore|iPhone.ActiveCfg = Release|Any CPU
		{867DDFC1-6BDD-4FFB-9ACB-E41A94EECE14}.AppStore|iPhoneSimulator.ActiveCfg = Release|Any CPU
		{867DDFC1-6BDD-4FFB-9ACB-E41A94EECE14}.AppStore|Mixed Platforms.ActiveCfg = Release|Any CPU
		{867DDFC1-6BDD-4FFB-9ACB-E41A94EECE14}.AppStore|Mixed Platforms.Build.0 = Release|Any CPU
		{867DDFC1-6BDD-4FFB-9ACB-E41A94EECE14}.AppStore|Mixed Platforms.Deploy.0 = Release|Any CPU
		{867DDFC1-6BDD-4FFB-9ACB-E41A94EECE14}.Debug|Any CPU.ActiveCfg = Debug|Any CPU
		{867DDFC1-6BDD-4FFB-9ACB-E41A94EECE14}.Debug|Any CPU.Build.0 = Debug|Any CPU
		{867DDFC1-6BDD-4FFB-9ACB-E41A94EECE14}.Debug|Any CPU.Deploy.0 = Debug|Any CPU
		{867DDFC1-6BDD-4FFB-9ACB-E41A94EECE14}.Debug|iPhone.ActiveCfg = Debug|Any CPU
		{867DDFC1-6BDD-4FFB-9ACB-E41A94EECE14}.Debug|iPhoneSimulator.ActiveCfg = Debug|Any CPU
		{867DDFC1-6BDD-4FFB-9ACB-E41A94EECE14}.Debug|Mixed Platforms.ActiveCfg = Debug|Any CPU
		{867DDFC1-6BDD-4FFB-9ACB-E41A94EECE14}.Debug|Mixed Platforms.Build.0 = Debug|Any CPU
		{867DDFC1-6BDD-4FFB-9ACB-E41A94EECE14}.Debug|Mixed Platforms.Deploy.0 = Debug|Any CPU
		{867DDFC1-6BDD-4FFB-9ACB-E41A94EECE14}.Release|Any CPU.ActiveCfg = Release|Any CPU
		{867DDFC1-6BDD-4FFB-9ACB-E41A94EECE14}.Release|Any CPU.Build.0 = Release|Any CPU
		{867DDFC1-6BDD-4FFB-9ACB-E41A94EECE14}.Release|Any CPU.Deploy.0 = Release|Any CPU
		{867DDFC1-6BDD-4FFB-9ACB-E41A94EECE14}.Release|iPhone.ActiveCfg = Release|Any CPU
		{867DDFC1-6BDD-4FFB-9ACB-E41A94EECE14}.Release|iPhoneSimulator.ActiveCfg = Release|Any CPU
		{867DDFC1-6BDD-4FFB-9ACB-E41A94EECE14}.Release|Mixed Platforms.ActiveCfg = Release|Any CPU
		{867DDFC1-6BDD-4FFB-9ACB-E41A94EECE14}.Release|Mixed Platforms.Build.0 = Release|Any CPU
		{867DDFC1-6BDD-4FFB-9ACB-E41A94EECE14}.Release|Mixed Platforms.Deploy.0 = Release|Any CPU
		{47D0403D-FCF7-4F01-8BE9-8DFFD4F480C9}.Ad-Hoc|Any CPU.ActiveCfg = Release|Any CPU
		{47D0403D-FCF7-4F01-8BE9-8DFFD4F480C9}.Ad-Hoc|Any CPU.Build.0 = Release|Any CPU
		{47D0403D-FCF7-4F01-8BE9-8DFFD4F480C9}.Ad-Hoc|iPhone.ActiveCfg = Release|Any CPU
		{47D0403D-FCF7-4F01-8BE9-8DFFD4F480C9}.Ad-Hoc|iPhoneSimulator.ActiveCfg = Release|Any CPU
		{47D0403D-FCF7-4F01-8BE9-8DFFD4F480C9}.Ad-Hoc|Mixed Platforms.ActiveCfg = Release|Any CPU
		{47D0403D-FCF7-4F01-8BE9-8DFFD4F480C9}.Ad-Hoc|Mixed Platforms.Build.0 = Release|Any CPU
		{47D0403D-FCF7-4F01-8BE9-8DFFD4F480C9}.AppStore|Any CPU.ActiveCfg = Release|Any CPU
		{47D0403D-FCF7-4F01-8BE9-8DFFD4F480C9}.AppStore|Any CPU.Build.0 = Release|Any CPU
		{47D0403D-FCF7-4F01-8BE9-8DFFD4F480C9}.AppStore|iPhone.ActiveCfg = Release|Any CPU
		{47D0403D-FCF7-4F01-8BE9-8DFFD4F480C9}.AppStore|iPhoneSimulator.ActiveCfg = Release|Any CPU
		{47D0403D-FCF7-4F01-8BE9-8DFFD4F480C9}.AppStore|Mixed Platforms.ActiveCfg = Release|Any CPU
		{47D0403D-FCF7-4F01-8BE9-8DFFD4F480C9}.AppStore|Mixed Platforms.Build.0 = Release|Any CPU
		{47D0403D-FCF7-4F01-8BE9-8DFFD4F480C9}.Debug|Any CPU.ActiveCfg = Debug|Any CPU
		{47D0403D-FCF7-4F01-8BE9-8DFFD4F480C9}.Debug|Any CPU.Build.0 = Debug|Any CPU
		{47D0403D-FCF7-4F01-8BE9-8DFFD4F480C9}.Debug|iPhone.ActiveCfg = Debug|Any CPU
		{47D0403D-FCF7-4F01-8BE9-8DFFD4F480C9}.Debug|iPhoneSimulator.ActiveCfg = Debug|Any CPU
		{47D0403D-FCF7-4F01-8BE9-8DFFD4F480C9}.Debug|Mixed Platforms.ActiveCfg = Debug|Any CPU
		{47D0403D-FCF7-4F01-8BE9-8DFFD4F480C9}.Debug|Mixed Platforms.Build.0 = Debug|Any CPU
		{47D0403D-FCF7-4F01-8BE9-8DFFD4F480C9}.Release|Any CPU.ActiveCfg = Release|Any CPU
		{47D0403D-FCF7-4F01-8BE9-8DFFD4F480C9}.Release|Any CPU.Build.0 = Release|Any CPU
		{47D0403D-FCF7-4F01-8BE9-8DFFD4F480C9}.Release|iPhone.ActiveCfg = Release|Any CPU
		{47D0403D-FCF7-4F01-8BE9-8DFFD4F480C9}.Release|iPhoneSimulator.ActiveCfg = Release|Any CPU
		{47D0403D-FCF7-4F01-8BE9-8DFFD4F480C9}.Release|Mixed Platforms.ActiveCfg = Release|Any CPU
		{47D0403D-FCF7-4F01-8BE9-8DFFD4F480C9}.Release|Mixed Platforms.Build.0 = Release|Any CPU
		{915BF157-D09D-408D-BA7E-1C355ADE566E}.Ad-Hoc|Any CPU.ActiveCfg = Release|Any CPU
		{915BF157-D09D-408D-BA7E-1C355ADE566E}.Ad-Hoc|Any CPU.Build.0 = Release|Any CPU
		{915BF157-D09D-408D-BA7E-1C355ADE566E}.Ad-Hoc|iPhone.ActiveCfg = Release|Any CPU
		{915BF157-D09D-408D-BA7E-1C355ADE566E}.Ad-Hoc|iPhoneSimulator.ActiveCfg = Release|Any CPU
		{915BF157-D09D-408D-BA7E-1C355ADE566E}.Ad-Hoc|Mixed Platforms.ActiveCfg = Release|Any CPU
		{915BF157-D09D-408D-BA7E-1C355ADE566E}.Ad-Hoc|Mixed Platforms.Build.0 = Release|Any CPU
		{915BF157-D09D-408D-BA7E-1C355ADE566E}.AppStore|Any CPU.ActiveCfg = Release|Any CPU
		{915BF157-D09D-408D-BA7E-1C355ADE566E}.AppStore|Any CPU.Build.0 = Release|Any CPU
		{915BF157-D09D-408D-BA7E-1C355ADE566E}.AppStore|iPhone.ActiveCfg = Release|Any CPU
		{915BF157-D09D-408D-BA7E-1C355ADE566E}.AppStore|iPhoneSimulator.ActiveCfg = Release|Any CPU
		{915BF157-D09D-408D-BA7E-1C355ADE566E}.AppStore|Mixed Platforms.ActiveCfg = Release|Any CPU
		{915BF157-D09D-408D-BA7E-1C355ADE566E}.AppStore|Mixed Platforms.Build.0 = Release|Any CPU
		{915BF157-D09D-408D-BA7E-1C355ADE566E}.Debug|Any CPU.ActiveCfg = Debug|Any CPU
		{915BF157-D09D-408D-BA7E-1C355ADE566E}.Debug|Any CPU.Build.0 = Debug|Any CPU
		{915BF157-D09D-408D-BA7E-1C355ADE566E}.Debug|iPhone.ActiveCfg = Debug|Any CPU
		{915BF157-D09D-408D-BA7E-1C355ADE566E}.Debug|iPhoneSimulator.ActiveCfg = Debug|Any CPU
		{915BF157-D09D-408D-BA7E-1C355ADE566E}.Debug|Mixed Platforms.ActiveCfg = Debug|Any CPU
		{915BF157-D09D-408D-BA7E-1C355ADE566E}.Debug|Mixed Platforms.Build.0 = Debug|Any CPU
		{915BF157-D09D-408D-BA7E-1C355ADE566E}.Release|Any CPU.ActiveCfg = Release|Any CPU
		{915BF157-D09D-408D-BA7E-1C355ADE566E}.Release|Any CPU.Build.0 = Release|Any CPU
		{915BF157-D09D-408D-BA7E-1C355ADE566E}.Release|iPhone.ActiveCfg = Release|Any CPU
		{915BF157-D09D-408D-BA7E-1C355ADE566E}.Release|iPhoneSimulator.ActiveCfg = Release|Any CPU
		{915BF157-D09D-408D-BA7E-1C355ADE566E}.Release|Mixed Platforms.ActiveCfg = Release|Any CPU
		{915BF157-D09D-408D-BA7E-1C355ADE566E}.Release|Mixed Platforms.Build.0 = Release|Any CPU
	EndGlobalSection
	GlobalSection(SolutionProperties) = preSolution
		HideSolutionNode = FALSE
	EndGlobalSection
EndGlobal
